
Microsoft Visual Studio Solution File, Format Version 12.00
# Visual Studio 14
VisualStudioVersion = 14.0.25420.1
MinimumVisualStudioVersion = 10.0.40219.1
Project("{FAE04EC0-301F-11D3-BF4B-00C04F79EFBC}") = "LogiCAR.CapaAccesoDatos", "LogiCAR.AccesoDatos\LogiCAR.CapaAccesoDatos.csproj", "{247FB134-88FB-446C-A6FB-C4CDD04C8F21}"
EndProject
Project("{FAE04EC0-301F-11D3-BF4B-00C04F79EFBC}") = "LogiCAR.CapaLogicaNegocio", "LogiCAR.CapaLogicaNegocio\LogiCAR.CapaLogicaNegocio.csproj", "{FF637E58-5DA0-471E-8A48-9D8C1DA5604C}"
EndProject
Project("{FAE04EC0-301F-11D3-BF4B-00C04F79EFBC}") = "LogiCAR.CapaLogicaNegocioTests", "LogiCAR.CapaLogicaNegocioTests\LogiCAR.CapaLogicaNegocioTests.csproj", "{B6C7BABA-EF90-4E96-B4B5-1BDD12BC6729}"
EndProject
Project("{FAE04EC0-301F-11D3-BF4B-00C04F79EFBC}") = "LogiCAR.WebApi", "Logi.CAR.WebApi\LogiCAR.WebApi.csproj", "{C7B61433-1965-4662-8278-ACD22C9D03DE}"
EndProject
Project("{FAE04EC0-301F-11D3-BF4B-00C04F79EFBC}") = "LogiCAR.WebApi.Tests", "Logi.CAR.WebApi.Tests\LogiCAR.WebApi.Tests.csproj", "{A9AE07FE-DF14-45D5-A4C6-ED0C608D3380}"
EndProject
Project("{FAE04EC0-301F-11D3-BF4B-00C04F79EFBC}") = "LogiCAR.CapaAccesoDatos.Tests", "LogiCAR.CapaAccesoDatos.Tests\LogiCAR.CapaAccesoDatos.Tests.csproj", "{99963236-4DDD-4337-880A-F1A3E408722A}"
EndProject
Project("{FAE04EC0-301F-11D3-BF4B-00C04F79EFBC}") = "LogiCAR.DependencyResolver", "LogiCAR.DependencyResolver\LogiCAR.DependencyResolver.csproj", "{906ED05F-0A8F-45EF-B08D-E30BD8F7A824}"
EndProject
Global
	GlobalSection(SolutionConfigurationPlatforms) = preSolution
		Debug|Any CPU = Debug|Any CPU
		Release|Any CPU = Release|Any CPU
	EndGlobalSection
	GlobalSection(ProjectConfigurationPlatforms) = postSolution
		{247FB134-88FB-446C-A6FB-C4CDD04C8F21}.Debug|Any CPU.ActiveCfg = Debug|Any CPU
		{247FB134-88FB-446C-A6FB-C4CDD04C8F21}.Debug|Any CPU.Build.0 = Debug|Any CPU
		{247FB134-88FB-446C-A6FB-C4CDD04C8F21}.Release|Any CPU.ActiveCfg = Release|Any CPU
		{247FB134-88FB-446C-A6FB-C4CDD04C8F21}.Release|Any CPU.Build.0 = Release|Any CPU
		{FF637E58-5DA0-471E-8A48-9D8C1DA5604C}.Debug|Any CPU.ActiveCfg = Debug|Any CPU
		{FF637E58-5DA0-471E-8A48-9D8C1DA5604C}.Debug|Any CPU.Build.0 = Debug|Any CPU
		{FF637E58-5DA0-471E-8A48-9D8C1DA5604C}.Release|Any CPU.ActiveCfg = Release|Any CPU
		{FF637E58-5DA0-471E-8A48-9D8C1DA5604C}.Release|Any CPU.Build.0 = Release|Any CPU
		{B6C7BABA-EF90-4E96-B4B5-1BDD12BC6729}.Debug|Any CPU.ActiveCfg = Debug|Any CPU
		{B6C7BABA-EF90-4E96-B4B5-1BDD12BC6729}.Debug|Any CPU.Build.0 = Debug|Any CPU
		{B6C7BABA-EF90-4E96-B4B5-1BDD12BC6729}.Release|Any CPU.ActiveCfg = Release|Any CPU
		{B6C7BABA-EF90-4E96-B4B5-1BDD12BC6729}.Release|Any CPU.Build.0 = Release|Any CPU
		{C7B61433-1965-4662-8278-ACD22C9D03DE}.Debug|Any CPU.ActiveCfg = Debug|Any CPU
		{C7B61433-1965-4662-8278-ACD22C9D03DE}.Debug|Any CPU.Build.0 = Debug|Any CPU
		{C7B61433-1965-4662-8278-ACD22C9D03DE}.Release|Any CPU.ActiveCfg = Release|Any CPU
		{C7B61433-1965-4662-8278-ACD22C9D03DE}.Release|Any CPU.Build.0 = Release|Any CPU
		{A9AE07FE-DF14-45D5-A4C6-ED0C608D3380}.Debug|Any CPU.ActiveCfg = Debug|Any CPU
		{A9AE07FE-DF14-45D5-A4C6-ED0C608D3380}.Debug|Any CPU.Build.0 = Debug|Any CPU
		{A9AE07FE-DF14-45D5-A4C6-ED0C608D3380}.Release|Any CPU.ActiveCfg = Release|Any CPU
		{A9AE07FE-DF14-45D5-A4C6-ED0C608D3380}.Release|Any CPU.Build.0 = Release|Any CPU
		{99963236-4DDD-4337-880A-F1A3E408722A}.Debug|Any CPU.ActiveCfg = Debug|Any CPU
		{99963236-4DDD-4337-880A-F1A3E408722A}.Debug|Any CPU.Build.0 = Debug|Any CPU
		{99963236-4DDD-4337-880A-F1A3E408722A}.Release|Any CPU.ActiveCfg = Release|Any CPU
		{99963236-4DDD-4337-880A-F1A3E408722A}.Release|Any CPU.Build.0 = Release|Any CPU
		{906ED05F-0A8F-45EF-B08D-E30BD8F7A824}.Debug|Any CPU.ActiveCfg = Debug|Any CPU
		{906ED05F-0A8F-45EF-B08D-E30BD8F7A824}.Debug|Any CPU.Build.0 = Debug|Any CPU
		{906ED05F-0A8F-45EF-B08D-E30BD8F7A824}.Release|Any CPU.ActiveCfg = Release|Any CPU
		{906ED05F-0A8F-45EF-B08D-E30BD8F7A824}.Release|Any CPU.Build.0 = Release|Any CPU
	EndGlobalSection
	GlobalSection(SolutionProperties) = preSolution
		HideSolutionNode = FALSE
	EndGlobalSection
EndGlobal
